
Microsoft Visual Studio Solution File, Format Version 12.00
# Visual Studio Version 17
VisualStudioVersion = 17.0.31903.59
MinimumVisualStudioVersion = 10.0.40219.1
Project("{FAE04EC0-301F-11D3-BF4B-00C04F79EFBC}") = "Web", "Web\Web.csproj", "{B922522A-5852-417D-9F0A-3FAE6E4BBC68}"
EndProject
Project("{FAE04EC0-301F-11D3-BF4B-00C04F79EFBC}") = "Tests", "Tests\Tests.csproj", "{F7D63663-03B7-42E5-B7DF-1586B1D636DC}"
EndProject
Project("{2150E333-8FDC-42A3-9474-1A3956D46DE8}") = "src", "src", "{DD1C787D-F1A4-45CF-B4DE-5694DECA88E5}"
	ProjectSection(SolutionItems) = preProject
		Dockerfile = Dockerfile
		.dockerignore = .dockerignore
		.env = .env
	EndProjectSection
EndProject
Project("{2150E333-8FDC-42A3-9474-1A3956D46DE8}") = "test", "test", "{D6FBF96C-754F-4C19-9113-99824AB4134F}"
EndProject
Global
	GlobalSection(SolutionConfigurationPlatforms) = preSolution
		Debug|Any CPU = Debug|Any CPU
		Release|Any CPU = Release|Any CPU
	EndGlobalSection
	GlobalSection(SolutionProperties) = preSolution
		HideSolutionNode = FALSE
	EndGlobalSection
	GlobalSection(ProjectConfigurationPlatforms) = postSolution
		{B922522A-5852-417D-9F0A-3FAE6E4BBC68}.Debug|Any CPU.ActiveCfg = Debug|Any CPU
		{B922522A-5852-417D-9F0A-3FAE6E4BBC68}.Debug|Any CPU.Build.0 = Debug|Any CPU
		{B922522A-5852-417D-9F0A-3FAE6E4BBC68}.Release|Any CPU.ActiveCfg = Release|Any CPU
		{B922522A-5852-417D-9F0A-3FAE6E4BBC68}.Release|Any CPU.Build.0 = Release|Any CPU
		{F7D63663-03B7-42E5-B7DF-1586B1D636DC}.Debug|Any CPU.ActiveCfg = Debug|Any CPU
		{F7D63663-03B7-42E5-B7DF-1586B1D636DC}.Debug|Any CPU.Build.0 = Debug|Any CPU
		{F7D63663-03B7-42E5-B7DF-1586B1D636DC}.Release|Any CPU.ActiveCfg = Release|Any CPU
		{F7D63663-03B7-42E5-B7DF-1586B1D636DC}.Release|Any CPU.Build.0 = Release|Any CPU
	EndGlobalSection
	GlobalSection(NestedProjects) = preSolution
		{B922522A-5852-417D-9F0A-3FAE6E4BBC68} = {DD1C787D-F1A4-45CF-B4DE-5694DECA88E5}
		{F7D63663-03B7-42E5-B7DF-1586B1D636DC} = {D6FBF96C-754F-4C19-9113-99824AB4134F}
	EndGlobalSection
EndGlobal
