
Microsoft Visual Studio Solution File, Format Version 12.00
# Visual Studio Version 17
VisualStudioVersion = 17.0.31903.59
MinimumVisualStudioVersion = 10.0.40219.1
Project("{2150E333-8FDC-42A3-9474-1A3956D46DE8}") = "tests", "tests", "{3558FA29-E982-49D5-857E-94061B9F4235}"
EndProject
Project("{FAE04EC0-301F-11D3-BF4B-00C04F79EFBC}") = "TrackYourSpendings.UnitTests", "tests\TrackYourSpendings.UnitTests\TrackYourSpendings.UnitTests.csproj", "{3A1AA07A-98DD-4E99-89D5-8236BA0FC707}"
EndProject
Project("{FAE04EC0-301F-11D3-BF4B-00C04F79EFBC}") = "TrackYourSpendings.IntegrationTests", "tests\TrackYourSpendings.IntegrationTests\TrackYourSpendings.IntegrationTests.csproj", "{FE681829-9706-42EF-847F-3E4959D9EB0D}"
EndProject
Project("{2150E333-8FDC-42A3-9474-1A3956D46DE8}") = "src", "src", "{811BA031-7021-4509-BABE-4BE184F24A7E}"
EndProject
Project("{2150E333-8FDC-42A3-9474-1A3956D46DE8}") = "UI", "UI", "{FD195FDF-6A27-49EB-9FAE-25DAD4E41343}"
EndProject
Project("{FAE04EC0-301F-11D3-BF4B-00C04F79EFBC}") = "TrackYourSpendings.Web", "src\UI\TrackYourSpendings.Web\TrackYourSpendings.Web.csproj", "{27C07D24-5392-4092-8644-F1395BFA0633}"
EndProject
Project("{2150E333-8FDC-42A3-9474-1A3956D46DE8}") = "Core", "Core", "{10DC4178-BAF3-48F3-A880-98CD73310273}"
EndProject
Project("{FAE04EC0-301F-11D3-BF4B-00C04F79EFBC}") = "TrackYourSpendings.Application", "src\Core\TrackYourSpendings.Application\TrackYourSpendings.Application.csproj", "{C451EFBC-866C-4B23-A8A3-204EF2224E2C}"
EndProject
Project("{FAE04EC0-301F-11D3-BF4B-00C04F79EFBC}") = "TrackYourSpendings.Domain", "src\Core\TrackYourSpendings.Domain\TrackYourSpendings.Domain.csproj", "{32E37F1E-8DB3-486E-8BC5-7013B3470B6C}"
EndProject
Project("{2150E333-8FDC-42A3-9474-1A3956D46DE8}") = "Infrastructure", "Infrastructure", "{17B540CA-8FDE-43D3-B4EC-26F6C6AED0FC}"
EndProject
Project("{FAE04EC0-301F-11D3-BF4B-00C04F79EFBC}") = "TrackYourSpendings.Infrastructure", "src\Infrastructure\TrackYourSpendings.Infrastructure\TrackYourSpendings.Infrastructure.csproj", "{4317EA14-7E9D-4AE2-BD3D-530F8A380A63}"
EndProject
Global
	GlobalSection(SolutionConfigurationPlatforms) = preSolution
		Debug|Any CPU = Debug|Any CPU
		Release|Any CPU = Release|Any CPU
	EndGlobalSection
	GlobalSection(SolutionProperties) = preSolution
		HideSolutionNode = FALSE
	EndGlobalSection
	GlobalSection(ProjectConfigurationPlatforms) = postSolution
		{3A1AA07A-98DD-4E99-89D5-8236BA0FC707}.Debug|Any CPU.ActiveCfg = Debug|Any CPU
		{3A1AA07A-98DD-4E99-89D5-8236BA0FC707}.Debug|Any CPU.Build.0 = Debug|Any CPU
		{3A1AA07A-98DD-4E99-89D5-8236BA0FC707}.Release|Any CPU.ActiveCfg = Release|Any CPU
		{3A1AA07A-98DD-4E99-89D5-8236BA0FC707}.Release|Any CPU.Build.0 = Release|Any CPU
		{FE681829-9706-42EF-847F-3E4959D9EB0D}.Debug|Any CPU.ActiveCfg = Debug|Any CPU
		{FE681829-9706-42EF-847F-3E4959D9EB0D}.Debug|Any CPU.Build.0 = Debug|Any CPU
		{FE681829-9706-42EF-847F-3E4959D9EB0D}.Release|Any CPU.ActiveCfg = Release|Any CPU
		{FE681829-9706-42EF-847F-3E4959D9EB0D}.Release|Any CPU.Build.0 = Release|Any CPU
		{27C07D24-5392-4092-8644-F1395BFA0633}.Debug|Any CPU.ActiveCfg = Debug|Any CPU
		{27C07D24-5392-4092-8644-F1395BFA0633}.Debug|Any CPU.Build.0 = Debug|Any CPU
		{27C07D24-5392-4092-8644-F1395BFA0633}.Release|Any CPU.ActiveCfg = Release|Any CPU
		{27C07D24-5392-4092-8644-F1395BFA0633}.Release|Any CPU.Build.0 = Release|Any CPU
		{C451EFBC-866C-4B23-A8A3-204EF2224E2C}.Debug|Any CPU.ActiveCfg = Debug|Any CPU
		{C451EFBC-866C-4B23-A8A3-204EF2224E2C}.Debug|Any CPU.Build.0 = Debug|Any CPU
		{C451EFBC-866C-4B23-A8A3-204EF2224E2C}.Release|Any CPU.ActiveCfg = Release|Any CPU
		{C451EFBC-866C-4B23-A8A3-204EF2224E2C}.Release|Any CPU.Build.0 = Release|Any CPU
		{32E37F1E-8DB3-486E-8BC5-7013B3470B6C}.Debug|Any CPU.ActiveCfg = Debug|Any CPU
		{32E37F1E-8DB3-486E-8BC5-7013B3470B6C}.Debug|Any CPU.Build.0 = Debug|Any CPU
		{32E37F1E-8DB3-486E-8BC5-7013B3470B6C}.Release|Any CPU.ActiveCfg = Release|Any CPU
		{32E37F1E-8DB3-486E-8BC5-7013B3470B6C}.Release|Any CPU.Build.0 = Release|Any CPU
		{4317EA14-7E9D-4AE2-BD3D-530F8A380A63}.Debug|Any CPU.ActiveCfg = Debug|Any CPU
		{4317EA14-7E9D-4AE2-BD3D-530F8A380A63}.Debug|Any CPU.Build.0 = Debug|Any CPU
		{4317EA14-7E9D-4AE2-BD3D-530F8A380A63}.Release|Any CPU.ActiveCfg = Release|Any CPU
		{4317EA14-7E9D-4AE2-BD3D-530F8A380A63}.Release|Any CPU.Build.0 = Release|Any CPU
	EndGlobalSection
	GlobalSection(NestedProjects) = preSolution
		{3A1AA07A-98DD-4E99-89D5-8236BA0FC707} = {3558FA29-E982-49D5-857E-94061B9F4235}
		{FE681829-9706-42EF-847F-3E4959D9EB0D} = {3558FA29-E982-49D5-857E-94061B9F4235}
		{FD195FDF-6A27-49EB-9FAE-25DAD4E41343} = {811BA031-7021-4509-BABE-4BE184F24A7E}
		{27C07D24-5392-4092-8644-F1395BFA0633} = {FD195FDF-6A27-49EB-9FAE-25DAD4E41343}
		{10DC4178-BAF3-48F3-A880-98CD73310273} = {811BA031-7021-4509-BABE-4BE184F24A7E}
		{C451EFBC-866C-4B23-A8A3-204EF2224E2C} = {10DC4178-BAF3-48F3-A880-98CD73310273}
		{32E37F1E-8DB3-486E-8BC5-7013B3470B6C} = {10DC4178-BAF3-48F3-A880-98CD73310273}
		{17B540CA-8FDE-43D3-B4EC-26F6C6AED0FC} = {811BA031-7021-4509-BABE-4BE184F24A7E}
		{4317EA14-7E9D-4AE2-BD3D-530F8A380A63} = {17B540CA-8FDE-43D3-B4EC-26F6C6AED0FC}
	EndGlobalSection
EndGlobal
